
Microsoft Visual Studio Solution File, Format Version 12.00
# Visual Studio Version 17
VisualStudioVersion = 17.7.34031.279
MinimumVisualStudioVersion = 10.0.40219.1
Project("{FAE04EC0-301F-11D3-BF4B-00C04F79EFBC}") = "Back", "Back\Back.csproj", "{935D2EA5-3441-4561-A29F-AB8F0C424C2E}"
EndProject
Project("{FAE04EC0-301F-11D3-BF4B-00C04F79EFBC}") = "Front", "Front\Front.csproj", "{F5B06E0A-E966-4D18-9293-6E598D3A34A8}"
EndProject
Global
	GlobalSection(SolutionConfigurationPlatforms) = preSolution
		Debug|Any CPU = Debug|Any CPU
		Release|Any CPU = Release|Any CPU
	EndGlobalSection
	GlobalSection(ProjectConfigurationPlatforms) = postSolution
		{935D2EA5-3441-4561-A29F-AB8F0C424C2E}.Debug|Any CPU.ActiveCfg = Debug|Any CPU
		{935D2EA5-3441-4561-A29F-AB8F0C424C2E}.Debug|Any CPU.Build.0 = Debug|Any CPU
		{935D2EA5-3441-4561-A29F-AB8F0C424C2E}.Release|Any CPU.ActiveCfg = Release|Any CPU
		{935D2EA5-3441-4561-A29F-AB8F0C424C2E}.Release|Any CPU.Build.0 = Release|Any CPU
		{F5B06E0A-E966-4D18-9293-6E598D3A34A8}.Debug|Any CPU.ActiveCfg = Debug|Any CPU
		{F5B06E0A-E966-4D18-9293-6E598D3A34A8}.Debug|Any CPU.Build.0 = Debug|Any CPU
		{F5B06E0A-E966-4D18-9293-6E598D3A34A8}.Release|Any CPU.ActiveCfg = Release|Any CPU
		{F5B06E0A-E966-4D18-9293-6E598D3A34A8}.Release|Any CPU.Build.0 = Release|Any CPU
	EndGlobalSection
	GlobalSection(SolutionProperties) = preSolution
		HideSolutionNode = FALSE
	EndGlobalSection
	GlobalSection(ExtensibilityGlobals) = postSolution
		SolutionGuid = {173F491C-0CF1-48BF-9ED8-8E25883F5E21}
	EndGlobalSection
EndGlobal
